
Microsoft Visual Studio Solution File, Format Version 12.00
# Visual Studio Version 16
VisualStudioVersion = 16.0.30413.136
MinimumVisualStudioVersion = 10.0.40219.1
Project("{9A19103F-16F7-4668-BE54-9A1E7A4F7556}") = "Employee.Domain", "Employee.Domain\Employee.Domain.csproj", "{D92B0F65-DCE1-46D6-94BB-CC35900AECFD}"
EndProject
Project("{9A19103F-16F7-4668-BE54-9A1E7A4F7556}") = "Employee.API", "Employee.API\Employee.API.csproj", "{AE480B75-A9D5-4813-97EC-AC3DBAD2BBC5}"
EndProject
Global
	GlobalSection(SolutionConfigurationPlatforms) = preSolution
		Debug|Any CPU = Debug|Any CPU
		Release|Any CPU = Release|Any CPU
	EndGlobalSection
	GlobalSection(ProjectConfigurationPlatforms) = postSolution
		{D92B0F65-DCE1-46D6-94BB-CC35900AECFD}.Debug|Any CPU.ActiveCfg = Debug|Any CPU
		{D92B0F65-DCE1-46D6-94BB-CC35900AECFD}.Debug|Any CPU.Build.0 = Debug|Any CPU
		{D92B0F65-DCE1-46D6-94BB-CC35900AECFD}.Release|Any CPU.ActiveCfg = Release|Any CPU
		{D92B0F65-DCE1-46D6-94BB-CC35900AECFD}.Release|Any CPU.Build.0 = Release|Any CPU
		{AE480B75-A9D5-4813-97EC-AC3DBAD2BBC5}.Debug|Any CPU.ActiveCfg = Debug|Any CPU
		{AE480B75-A9D5-4813-97EC-AC3DBAD2BBC5}.Debug|Any CPU.Build.0 = Debug|Any CPU
		{AE480B75-A9D5-4813-97EC-AC3DBAD2BBC5}.Release|Any CPU.ActiveCfg = Release|Any CPU
		{AE480B75-A9D5-4813-97EC-AC3DBAD2BBC5}.Release|Any CPU.Build.0 = Release|Any CPU
	EndGlobalSection
	GlobalSection(SolutionProperties) = preSolution
		HideSolutionNode = FALSE
	EndGlobalSection
	GlobalSection(ExtensibilityGlobals) = postSolution
		SolutionGuid = {D7401A32-E8B3-4129-8CAE-C6D2C5BD2401}
	EndGlobalSection
EndGlobal
